// !$*UTF8*$!
{
	archiveVersion = 1;
	classes = {
	};
	objectVersion = 50;
	objects = {

/* Begin PBXBuildFile section */
		ABD6972D2553FA9C00F05311 /* ContactInfoViewController.swift in Sources */ = {isa = PBXBuildFile; fileRef = ABD6972C2553FA9C00F05311 /* ContactInfoViewController.swift */; };
		ABD697302553FEDD00F05311 /* SectionContactsTableViewController.swift in Sources */ = {isa = PBXBuildFile; fileRef = ABD6972F2553FEDD00F05311 /* SectionContactsTableViewController.swift */; };
		ABEC02DD2553AD6800B231A7 /* AppDelegate.swift in Sources */ = {isa = PBXBuildFile; fileRef = ABEC02DC2553AD6800B231A7 /* AppDelegate.swift */; };
		ABEC02DF2553AD6800B231A7 /* SceneDelegate.swift in Sources */ = {isa = PBXBuildFile; fileRef = ABEC02DE2553AD6800B231A7 /* SceneDelegate.swift */; };
		ABEC02E42553AD6800B231A7 /* Main.storyboard in Resources */ = {isa = PBXBuildFile; fileRef = ABEC02E22553AD6800B231A7 /* Main.storyboard */; };
		ABEC02E62553AD6A00B231A7 /* Assets.xcassets in Resources */ = {isa = PBXBuildFile; fileRef = ABEC02E52553AD6A00B231A7 /* Assets.xcassets */; };
		ABEC02E92553AD6A00B231A7 /* LaunchScreen.storyboard in Resources */ = {isa = PBXBuildFile; fileRef = ABEC02E72553AD6A00B231A7 /* LaunchScreen.storyboard */; };
		ABEC02F22553AE2D00B231A7 /* ContactsTableViewController.swift in Sources */ = {isa = PBXBuildFile; fileRef = ABEC02F12553AE2D00B231A7 /* ContactsTableViewController.swift */; };
		ABEC02F72553B1AE00B231A7 /* TabbarViewController.swift in Sources */ = {isa = PBXBuildFile; fileRef = ABEC02F62553B1AE00B231A7 /* TabbarViewController.swift */; };
		ABEC02FE2553B69D00B231A7 /* Person.swift in Sources */ = {isa = PBXBuildFile; fileRef = ABEC02FD2553B69D00B231A7 /* Person.swift */; };
		ABEC03012553BA9C00B231A7 /* DataManager.swift in Sources */ = {isa = PBXBuildFile; fileRef = ABEC03002553BA9C00B231A7 /* DataManager.swift */; };
/* End PBXBuildFile section */

/* Begin PBXFileReference section */
		ABD6972C2553FA9C00F05311 /* ContactInfoViewController.swift */ = {isa = PBXFileReference; lastKnownFileType = sourcecode.swift; path = ContactInfoViewController.swift; sourceTree = "<group>"; };
		ABD6972F2553FEDD00F05311 /* SectionContactsTableViewController.swift */ = {isa = PBXFileReference; lastKnownFileType = sourcecode.swift; path = SectionContactsTableViewController.swift; sourceTree = "<group>"; };
		ABEC02D92553AD6800B231A7 /* contactsTableView.app */ = {isa = PBXFileReference; explicitFileType = wrapper.application; includeInIndex = 0; path = contactsTableView.app; sourceTree = BUILT_PRODUCTS_DIR; };
		ABEC02DC2553AD6800B231A7 /* AppDelegate.swift */ = {isa = PBXFileReference; lastKnownFileType = sourcecode.swift; path = AppDelegate.swift; sourceTree = "<group>"; };
		ABEC02DE2553AD6800B231A7 /* SceneDelegate.swift */ = {isa = PBXFileReference; lastKnownFileType = sourcecode.swift; path = SceneDelegate.swift; sourceTree = "<group>"; };
		ABEC02E32553AD6800B231A7 /* Base */ = {isa = PBXFileReference; lastKnownFileType = file.storyboard; name = Base; path = Base.lproj/Main.storyboard; sourceTree = "<group>"; };
		ABEC02E52553AD6A00B231A7 /* Assets.xcassets */ = {isa = PBXFileReference; lastKnownFileType = folder.assetcatalog; path = Assets.xcassets; sourceTree = "<group>"; };
		ABEC02E82553AD6A00B231A7 /* Base */ = {isa = PBXFileReference; lastKnownFileType = file.storyboard; name = Base; path = Base.lproj/LaunchScreen.storyboard; sourceTree = "<group>"; };
		ABEC02EA2553AD6A00B231A7 /* Info.plist */ = {isa = PBXFileReference; lastKnownFileType = text.plist.xml; path = Info.plist; sourceTree = "<group>"; };
		ABEC02F12553AE2D00B231A7 /* ContactsTableViewController.swift */ = {isa = PBXFileReference; lastKnownFileType = sourcecode.swift; path = ContactsTableViewController.swift; sourceTree = "<group>"; };
		ABEC02F62553B1AE00B231A7 /* TabbarViewController.swift */ = {isa = PBXFileReference; lastKnownFileType = sourcecode.swift; path = TabbarViewController.swift; sourceTree = "<group>"; };
		ABEC02FD2553B69D00B231A7 /* Person.swift */ = {isa = PBXFileReference; lastKnownFileType = sourcecode.swift; path = Person.swift; sourceTree = "<group>"; };
		ABEC03002553BA9C00B231A7 /* DataManager.swift */ = {isa = PBXFileReference; lastKnownFileType = sourcecode.swift; path = DataManager.swift; sourceTree = "<group>"; };
/* End PBXFileReference section */

/* Begin PBXFrameworksBuildPhase section */
		ABEC02D62553AD6800B231A7 /* Frameworks */ = {
			isa = PBXFrameworksBuildPhase;
			buildActionMask = 2147483647;
			files = (
			);
			runOnlyForDeploymentPostprocessing = 0;
		};
/* End PBXFrameworksBuildPhase section */

/* Begin PBXGroup section */
		ABEC02D02553AD6800B231A7 = {
			isa = PBXGroup;
			children = (
				ABEC02DB2553AD6800B231A7 /* contactsTableView */,
				ABEC02DA2553AD6800B231A7 /* Products */,
			);
			sourceTree = "<group>";
		};
		ABEC02DA2553AD6800B231A7 /* Products */ = {
			isa = PBXGroup;
			children = (
				ABEC02D92553AD6800B231A7 /* contactsTableView.app */,
			);
			name = Products;
			sourceTree = "<group>";
		};
		ABEC02DB2553AD6800B231A7 /* contactsTableView */ = {
			isa = PBXGroup;
			children = (
				ABEC02FA2553B1DA00B231A7 /* Model */,
				ABEC02F42553B16600B231A7 /* Controllers */,
				ABEC02DC2553AD6800B231A7 /* AppDelegate.swift */,
				ABEC02DE2553AD6800B231A7 /* SceneDelegate.swift */,
				ABEC02E22553AD6800B231A7 /* Main.storyboard */,
				ABEC02E52553AD6A00B231A7 /* Assets.xcassets */,
				ABEC02E72553AD6A00B231A7 /* LaunchScreen.storyboard */,
				ABEC02EA2553AD6A00B231A7 /* Info.plist */,
				ABEC03002553BA9C00B231A7 /* DataManager.swift */,
			);
			path = contactsTableView;
			sourceTree = "<group>";
		};
		ABEC02F42553B16600B231A7 /* Controllers */ = {
			isa = PBXGroup;
			children = (
				ABEC02F62553B1AE00B231A7 /* TabbarViewController.swift */,
				ABEC02F12553AE2D00B231A7 /* ContactsTableViewController.swift */,
				ABD6972C2553FA9C00F05311 /* ContactInfoViewController.swift */,
				ABD6972F2553FEDD00F05311 /* SectionContactsTableViewController.swift */,
			);
			path = Controllers;
			sourceTree = "<group>";
		};
		ABEC02FA2553B1DA00B231A7 /* Model */ = {
			isa = PBXGroup;
			children = (
				ABEC02FD2553B69D00B231A7 /* Person.swift */,
			);
			path = Model;
			sourceTree = "<group>";
		};
/* End PBXGroup section */

/* Begin PBXNativeTarget section */
		ABEC02D82553AD6800B231A7 /* contactsTableView */ = {
			isa = PBXNativeTarget;
			buildConfigurationList = ABEC02ED2553AD6A00B231A7 /* Build configuration list for PBXNativeTarget "contactsTableView" */;
			buildPhases = (
				ABEC02D52553AD6800B231A7 /* Sources */,
				ABEC02D62553AD6800B231A7 /* Frameworks */,
				ABEC02D72553AD6800B231A7 /* Resources */,
			);
			buildRules = (
			);
			dependencies = (
			);
			name = contactsTableView;
			productName = contactsTableView;
			productReference = ABEC02D92553AD6800B231A7 /* contactsTableView.app */;
			productType = "com.apple.product-type.application";
		};
/* End PBXNativeTarget section */

/* Begin PBXProject section */
		ABEC02D12553AD6800B231A7 /* Project object */ = {
			isa = PBXProject;
			attributes = {
				LastSwiftUpdateCheck = 1210;
				LastUpgradeCheck = 1210;
				TargetAttributes = {
					ABEC02D82553AD6800B231A7 = {
						CreatedOnToolsVersion = 12.1;
					};
				};
			};
			buildConfigurationList = ABEC02D42553AD6800B231A7 /* Build configuration list for PBXProject "contactsTableView" */;
			compatibilityVersion = "Xcode 9.3";
			developmentRegion = en;
			hasScannedForEncodings = 0;
			knownRegions = (
				en,
				Base,
			);
			mainGroup = ABEC02D02553AD6800B231A7;
			productRefGroup = ABEC02DA2553AD6800B231A7 /* Products */;
			projectDirPath = "";
			projectRoot = "";
			targets = (
				ABEC02D82553AD6800B231A7 /* contactsTableView */,
			);
		};
/* End PBXProject section */

/* Begin PBXResourcesBuildPhase section */
		ABEC02D72553AD6800B231A7 /* Resources */ = {
			isa = PBXResourcesBuildPhase;
			buildActionMask = 2147483647;
			files = (
				ABEC02E92553AD6A00B231A7 /* LaunchScreen.storyboard in Resources */,
				ABEC02E62553AD6A00B231A7 /* Assets.xcassets in Resources */,
				ABEC02E42553AD6800B231A7 /* Main.storyboard in Resources */,
			);
			runOnlyForDeploymentPostprocessing = 0;
		};
/* End PBXResourcesBuildPhase section */

/* Begin PBXSourcesBuildPhase section */
		ABEC02D52553AD6800B231A7 /* Sources */ = {
			isa = PBXSourcesBuildPhase;
			buildActionMask = 2147483647;
			files = (
				ABEC02FE2553B69D00B231A7 /* Person.swift in Sources */,
				ABEC03012553BA9C00B231A7 /* DataManager.swift in Sources */,
				ABEC02F72553B1AE00B231A7 /* TabbarViewController.swift in Sources */,
				ABD6972D2553FA9C00F05311 /* ContactInfoViewController.swift in Sources */,
				ABEC02DD2553AD6800B231A7 /* AppDelegate.swift in Sources */,
				ABEC02F22553AE2D00B231A7 /* ContactsTableViewController.swift in Sources */,
				ABD697302553FEDD00F05311 /* SectionContactsTableViewController.swift in Sources */,
				ABEC02DF2553AD6800B231A7 /* SceneDelegate.swift in Sources */,
			);
			runOnlyForDeploymentPostprocessing = 0;
		};
/* End PBXSourcesBuildPhase section */

/* Begin PBXVariantGroup section */
		ABEC02E22553AD6800B231A7 /* Main.storyboard */ = {
			isa = PBXVariantGroup;
			children = (
				ABEC02E32553AD6800B231A7 /* Base */,
			);
			name = Main.storyboard;
			sourceTree = "<group>";
		};
		ABEC02E72553AD6A00B231A7 /* LaunchScreen.storyboard */ = {
			isa = PBXVariantGroup;
			children = (
				ABEC02E82553AD6A00B231A7 /* Base */,
			);
			name = LaunchScreen.storyboard;
			sourceTree = "<group>";
		};
/* End PBXVariantGroup section */

/* Begin XCBuildConfiguration section */
		ABEC02EB2553AD6A00B231A7 /* Debug */ = {
			isa = XCBuildConfiguration;
			buildSettings = {
				ALWAYS_SEARCH_USER_PATHS = NO;
				CLANG_ANALYZER_NONNULL = YES;
				CLANG_ANALYZER_NUMBER_OBJECT_CONVERSION = YES_AGGRESSIVE;
				CLANG_CXX_LANGUAGE_STANDARD = "gnu++14";
				CLANG_CXX_LIBRARY = "libc++";
				CLANG_ENABLE_MODULES = YES;
				CLANG_ENABLE_OBJC_ARC = YES;
				CLANG_ENABLE_OBJC_WEAK = YES;
				CLANG_WARN_BLOCK_CAPTURE_AUTORELEASING = YES;
				CLANG_WARN_BOOL_CONVERSION = YES;
				CLANG_WARN_COMMA = YES;
				CLANG_WARN_CONSTANT_CONVERSION = YES;
				CLANG_WARN_DEPRECATED_OBJC_IMPLEMENTATIONS = YES;
				CLANG_WARN_DIRECT_OBJC_ISA_USAGE = YES_ERROR;
				CLANG_WARN_DOCUMENTATION_COMMENTS = YES;
				CLANG_WARN_EMPTY_BODY = YES;
				CLANG_WARN_ENUM_CONVERSION = YES;
				CLANG_WARN_INFINITE_RECURSION = YES;
				CLANG_WARN_INT_CONVERSION = YES;
				CLANG_WARN_NON_LITERAL_NULL_CONVERSION = YES;
				CLANG_WARN_OBJC_IMPLICIT_RETAIN_SELF = YES;
				CLANG_WARN_OBJC_LITERAL_CONVERSION = YES;
				CLANG_WARN_OBJC_ROOT_CLASS = YES_ERROR;
				CLANG_WARN_QUOTED_INCLUDE_IN_FRAMEWORK_HEADER = YES;
				CLANG_WARN_RANGE_LOOP_ANALYSIS = YES;
				CLANG_WARN_STRICT_PROTOTYPES = YES;
				CLANG_WARN_SUSPICIOUS_MOVE = YES;
				CLANG_WARN_UNGUARDED_AVAILABILITY = YES_AGGRESSIVE;
				CLANG_WARN_UNREACHABLE_CODE = YES;
				CLANG_WARN__DUPLICATE_METHOD_MATCH = YES;
				COPY_PHASE_STRIP = NO;
				DEBUG_INFORMATION_FORMAT = dwarf;
				ENABLE_STRICT_OBJC_MSGSEND = YES;
				ENABLE_TESTABILITY = YES;
				GCC_C_LANGUAGE_STANDARD = gnu11;
				GCC_DYNAMIC_NO_PIC = NO;
				GCC_NO_COMMON_BLOCKS = YES;
				GCC_OPTIMIZATION_LEVEL = 0;
				GCC_PREPROCESSOR_DEFINITIONS = (
					"DEBUG=1",
					"$(inherited)",
				);
				GCC_WARN_64_TO_32_BIT_CONVERSION = YES;
				GCC_WARN_ABOUT_RETURN_TYPE = YES_ERROR;
				GCC_WARN_UNDECLARED_SELECTOR = YES;
				GCC_WARN_UNINITIALIZED_AUTOS = YES_AGGRESSIVE;
				GCC_WARN_UNUSED_FUNCTION = YES;
				GCC_WARN_UNUSED_VARIABLE = YES;
				IPHONEOS_DEPLOYMENT_TARGET = 14.1;
				MTL_ENABLE_DEBUG_INFO = INCLUDE_SOURCE;
				MTL_FAST_MATH = YES;
				ONLY_ACTIVE_ARCH = YES;
				SDKROOT = iphoneos;
				SWIFT_ACTIVE_COMPILATION_CONDITIONS = DEBUG;
				SWIFT_OPTIMIZATION_LEVEL = "-Onone";
			};
			name = Debug;
		};
		ABEC02EC2553AD6A00B231A7 /* Release */ = {
			isa = XCBuildConfiguration;
			buildSettings = {
				ALWAYS_SEARCH_USER_PATHS = NO;
				CLANG_ANALYZER_NONNULL = YES;
				CLANG_ANALYZER_NUMBER_OBJECT_CONVERSION = YES_AGGRESSIVE;
				CLANG_CXX_LANGUAGE_STANDARD = "gnu++14";
				CLANG_CXX_LIBRARY = "libc++";
				CLANG_ENABLE_MODULES = YES;
				CLANG_ENABLE_OBJC_ARC = YES;
				CLANG_ENABLE_OBJC_WEAK = YES;
				CLANG_WARN_BLOCK_CAPTURE_AUTORELEASING = YES;
				CLANG_WARN_BOOL_CONVERSION = YES;
				CLANG_WARN_COMMA = YES;
				CLANG_WARN_CONSTANT_CONVERSION = YES;
				CLANG_WARN_DEPRECATED_OBJC_IMPLEMENTATIONS = YES;
				CLANG_WARN_DIRECT_OBJC_ISA_USAGE = YES_ERROR;
				CLANG_WARN_DOCUMENTATION_COMMENTS = YES;
				CLANG_WARN_EMPTY_BODY = YES;
				CLANG_WARN_ENUM_CONVERSION = YES;
				CLANG_WARN_INFINITE_RECURSION = YES;
				CLANG_WARN_INT_CONVERSION = YES;
				CLANG_WARN_NON_LITERAL_NULL_CONVERSION = YES;
				CLANG_WARN_OBJC_IMPLICIT_RETAIN_SELF = YES;
				CLANG_WARN_OBJC_LITERAL_CONVERSION = YES;
				CLANG_WARN_OBJC_ROOT_CLASS = YES_ERROR;
				CLANG_WARN_QUOTED_INCLUDE_IN_FRAMEWORK_HEADER = YES;
				CLANG_WARN_RANGE_LOOP_ANALYSIS = YES;
				CLANG_WARN_STRICT_PROTOTYPES = YES;
				CLANG_WARN_SUSPICIOUS_MOVE = YES;
				CLANG_WARN_UNGUARDED_AVAILABILITY = YES_AGGRESSIVE;
				CLANG_WARN_UNREACHABLE_CODE = YES;
				CLANG_WARN__DUPLICATE_METHOD_MATCH = YES;
				COPY_PHASE_STRIP = NO;
				DEBUG_INFORMATION_FORMAT = "dwarf-with-dsym";
				ENABLE_NS_ASSERTIONS = NO;
				ENABLE_STRICT_OBJC_MSGSEND = YES;
				GCC_C_LANGUAGE_STANDARD = gnu11;
				GCC_NO_COMMON_BLOCKS = YES;
				GCC_WARN_64_TO_32_BIT_CONVERSION = YES;
				GCC_WARN_ABOUT_RETURN_TYPE = YES_ERROR;
				GCC_WARN_UNDECLARED_SELECTOR = YES;
				GCC_WARN_UNINITIALIZED_AUTOS = YES_AGGRESSIVE;
				GCC_WARN_UNUSED_FUNCTION = YES;
				GCC_WARN_UNUSED_VARIABLE = YES;
				IPHONEOS_DEPLOYMENT_TARGET = 14.1;
				MTL_ENABLE_DEBUG_INFO = NO;
				MTL_FAST_MATH = YES;
				SDKROOT = iphoneos;
				SWIFT_COMPILATION_MODE = wholemodule;
				SWIFT_OPTIMIZATION_LEVEL = "-O";
				VALIDATE_PRODUCT = YES;
			};
			name = Release;
		};
		ABEC02EE2553AD6A00B231A7 /* Debug */ = {
			isa = XCBuildConfiguration;
			buildSettings = {
				ASSETCATALOG_COMPILER_APPICON_NAME = AppIcon;
				ASSETCATALOG_COMPILER_GLOBAL_ACCENT_COLOR_NAME = AccentColor;
				CODE_SIGN_STYLE = Automatic;
				DEVELOPMENT_TEAM = 3D5DSM2U3L;
				INFOPLIST_FILE = contactsTableView/Info.plist;
				LD_RUNPATH_SEARCH_PATHS = (
					"$(inherited)",
					"@executable_path/Frameworks",
				);
				PRODUCT_BUNDLE_IDENTIFIER = com.lider.contactsTableView;
				PRODUCT_NAME = "$(TARGET_NAME)";
				SWIFT_VERSION = 5.0;
				TARGETED_DEVICE_FAMILY = "1,2";
			};
			name = Debug;
		};
		ABEC02EF2553AD6A00B231A7 /* Release */ = {
			isa = XCBuildConfiguration;
			buildSettings = {
				ASSETCATALOG_COMPILER_APPICON_NAME = AppIcon;
				ASSETCATALOG_COMPILER_GLOBAL_ACCENT_COLOR_NAME = AccentColor;
				CODE_SIGN_STYLE = Automatic;
				DEVELOPMENT_TEAM = 3D5DSM2U3L;
				INFOPLIST_FILE = contactsTableView/Info.plist;
				LD_RUNPATH_SEARCH_PATHS = (
					"$(inherited)",
					"@executable_path/Frameworks",
				);
				PRODUCT_BUNDLE_IDENTIFIER = com.lider.contactsTableView;
				PRODUCT_NAME = "$(TARGET_NAME)";
				SWIFT_VERSION = 5.0;
				TARGETED_DEVICE_FAMILY = "1,2";
			};
			name = Release;
		};
/* End XCBuildConfiguration section */

/* Begin XCConfigurationList section */
		ABEC02D42553AD6800B231A7 /* Build configuration list for PBXProject "contactsTableView" */ = {
			isa = XCConfigurationList;
			buildConfigurations = (
				ABEC02EB2553AD6A00B231A7 /* Debug */,
				ABEC02EC2553AD6A00B231A7 /* Release */,
			);
			defaultConfigurationIsVisible = 0;
			defaultConfigurationName = Release;
		};
		ABEC02ED2553AD6A00B231A7 /* Build configuration list for PBXNativeTarget "contactsTableView" */ = {
			isa = XCConfigurationList;
			buildConfigurations = (
				ABEC02EE2553AD6A00B231A7 /* Debug */,
				ABEC02EF2553AD6A00B231A7 /* Release */,
			);
			defaultConfigurationIsVisible = 0;
			defaultConfigurationName = Release;
		};
/* End XCConfigurationList section */
	};
	rootObject = ABEC02D12553AD6800B231A7 /* Project object */;
}
